
Microsoft Visual Studio Solution File, Format Version 12.00
# Visual Studio Version 16
VisualStudioVersion = 16.0.30907.101
MinimumVisualStudioVersion = 10.0.40219.1
Project("{9A19103F-16F7-4668-BE54-9A1E7A4F7556}") = "AOC2015", "AOC2015.csproj", "{5884B936-6CC2-47CD-ADB7-889C8C99B185}"
EndProject
Project("{FAE04EC0-301F-11D3-BF4B-00C04F79EFBC}") = "AOC2015.Tests", "AOC2015.Tests\AOC2015.Tests.csproj", "{F67D8ACB-B36F-46D3-A7C1-AAD0270968C6}"
EndProject
Global
	GlobalSection(SolutionConfigurationPlatforms) = preSolution
		Debug|Any CPU = Debug|Any CPU
		Release|Any CPU = Release|Any CPU
	EndGlobalSection
	GlobalSection(ProjectConfigurationPlatforms) = postSolution
		{5884B936-6CC2-47CD-ADB7-889C8C99B185}.Debug|Any CPU.ActiveCfg = Debug|Any CPU
		{5884B936-6CC2-47CD-ADB7-889C8C99B185}.Debug|Any CPU.Build.0 = Debug|Any CPU
		{5884B936-6CC2-47CD-ADB7-889C8C99B185}.Release|Any CPU.ActiveCfg = Release|Any CPU
		{5884B936-6CC2-47CD-ADB7-889C8C99B185}.Release|Any CPU.Build.0 = Release|Any CPU
		{F67D8ACB-B36F-46D3-A7C1-AAD0270968C6}.Debug|Any CPU.ActiveCfg = Debug|Any CPU
		{F67D8ACB-B36F-46D3-A7C1-AAD0270968C6}.Debug|Any CPU.Build.0 = Debug|Any CPU
		{F67D8ACB-B36F-46D3-A7C1-AAD0270968C6}.Release|Any CPU.ActiveCfg = Release|Any CPU
		{F67D8ACB-B36F-46D3-A7C1-AAD0270968C6}.Release|Any CPU.Build.0 = Release|Any CPU
	EndGlobalSection
	GlobalSection(SolutionProperties) = preSolution
		HideSolutionNode = FALSE
	EndGlobalSection
	GlobalSection(ExtensibilityGlobals) = postSolution
		SolutionGuid = {A5D7E3F8-0C68-4D58-BD4D-877724C9A93C}
	EndGlobalSection
EndGlobal
